
Microsoft Visual Studio Solution File, Format Version 12.00
Project("{2150E333-8FDC-42A3-9474-1A3956D46DE8}") = "src", "src", "{5BA1494D-C4B3-4405-8D5A-BA35981E0D05}"
EndProject
Project("{2150E333-8FDC-42A3-9474-1A3956D46DE8}") = "tests", "tests", "{FBD96E1A-7A77-4895-958E-F9BFA6CD71FA}"
EndProject
Project("{FAE04EC0-301F-11D3-BF4B-00C04F79EFBC}") = "TNSS.API", "TNSS.API\TNSS.API.csproj", "{50B78780-AC95-4BD0-B098-62CC2109C6DD}"
EndProject
Project("{FAE04EC0-301F-11D3-BF4B-00C04F79EFBC}") = "TNSS.Application", "TNSS.Application\TNSS.Application.csproj", "{AACE1148-EA67-452D-BB78-F2F456945F04}"
EndProject
Project("{FAE04EC0-301F-11D3-BF4B-00C04F79EFBC}") = "TNSS.Infrastructure", "TNSS.Infrastructure\TNSS.Infrastructure.csproj", "{42D8DA78-0BF2-43C9-A176-F9BDB35D2FA3}"
EndProject
Project("{FAE04EC0-301F-11D3-BF4B-00C04F79EFBC}") = "TNSS.Domain", "TNSS.Domain\TNSS.Domain.csproj", "{03518C26-A485-4801-9ED7-7953836884DB}"
EndProject
Project("{FAE04EC0-301F-11D3-BF4B-00C04F79EFBC}") = "TNSS.Console", "TNSS.Console\TNSS.Console.csproj", "{EC57A90C-0128-4804-A243-610602ED080D}"
EndProject
Global
	GlobalSection(SolutionConfigurationPlatforms) = preSolution
		Debug|Any CPU = Debug|Any CPU
		Release|Any CPU = Release|Any CPU
	EndGlobalSection
	GlobalSection(NestedProjects) = preSolution
		{50B78780-AC95-4BD0-B098-62CC2109C6DD} = {5BA1494D-C4B3-4405-8D5A-BA35981E0D05}
		{AACE1148-EA67-452D-BB78-F2F456945F04} = {5BA1494D-C4B3-4405-8D5A-BA35981E0D05}
		{42D8DA78-0BF2-43C9-A176-F9BDB35D2FA3} = {5BA1494D-C4B3-4405-8D5A-BA35981E0D05}
		{03518C26-A485-4801-9ED7-7953836884DB} = {5BA1494D-C4B3-4405-8D5A-BA35981E0D05}
		{EC57A90C-0128-4804-A243-610602ED080D} = {5BA1494D-C4B3-4405-8D5A-BA35981E0D05}
	EndGlobalSection
	GlobalSection(ProjectConfigurationPlatforms) = postSolution
		{50B78780-AC95-4BD0-B098-62CC2109C6DD}.Debug|Any CPU.ActiveCfg = Debug|Any CPU
		{50B78780-AC95-4BD0-B098-62CC2109C6DD}.Debug|Any CPU.Build.0 = Debug|Any CPU
		{50B78780-AC95-4BD0-B098-62CC2109C6DD}.Release|Any CPU.ActiveCfg = Release|Any CPU
		{50B78780-AC95-4BD0-B098-62CC2109C6DD}.Release|Any CPU.Build.0 = Release|Any CPU
		{AACE1148-EA67-452D-BB78-F2F456945F04}.Debug|Any CPU.ActiveCfg = Debug|Any CPU
		{AACE1148-EA67-452D-BB78-F2F456945F04}.Debug|Any CPU.Build.0 = Debug|Any CPU
		{AACE1148-EA67-452D-BB78-F2F456945F04}.Release|Any CPU.ActiveCfg = Release|Any CPU
		{AACE1148-EA67-452D-BB78-F2F456945F04}.Release|Any CPU.Build.0 = Release|Any CPU
		{42D8DA78-0BF2-43C9-A176-F9BDB35D2FA3}.Debug|Any CPU.ActiveCfg = Debug|Any CPU
		{42D8DA78-0BF2-43C9-A176-F9BDB35D2FA3}.Debug|Any CPU.Build.0 = Debug|Any CPU
		{42D8DA78-0BF2-43C9-A176-F9BDB35D2FA3}.Release|Any CPU.ActiveCfg = Release|Any CPU
		{42D8DA78-0BF2-43C9-A176-F9BDB35D2FA3}.Release|Any CPU.Build.0 = Release|Any CPU
		{03518C26-A485-4801-9ED7-7953836884DB}.Debug|Any CPU.ActiveCfg = Debug|Any CPU
		{03518C26-A485-4801-9ED7-7953836884DB}.Debug|Any CPU.Build.0 = Debug|Any CPU
		{03518C26-A485-4801-9ED7-7953836884DB}.Release|Any CPU.ActiveCfg = Release|Any CPU
		{03518C26-A485-4801-9ED7-7953836884DB}.Release|Any CPU.Build.0 = Release|Any CPU
		{EC57A90C-0128-4804-A243-610602ED080D}.Debug|Any CPU.ActiveCfg = Debug|Any CPU
		{EC57A90C-0128-4804-A243-610602ED080D}.Debug|Any CPU.Build.0 = Debug|Any CPU
		{EC57A90C-0128-4804-A243-610602ED080D}.Release|Any CPU.ActiveCfg = Release|Any CPU
		{EC57A90C-0128-4804-A243-610602ED080D}.Release|Any CPU.Build.0 = Release|Any CPU
	EndGlobalSection
EndGlobal
